
Microsoft Visual Studio Solution File, Format Version 12.00
# Visual Studio Version 17
VisualStudioVersion = 17.9.34622.214
MinimumVisualStudioVersion = 10.0.40219.1
Project("{FAE04EC0-301F-11D3-BF4B-00C04F79EFBC}") = "SocialNetwork_final", "SocialNetwork_final\SocialNetwork_final.csproj", "{AF69EE08-B61E-49AC-8FE1-8854F11F3EBB}"
EndProject
Project("{FAE04EC0-301F-11D3-BF4B-00C04F79EFBC}") = "SocialNetwork_final.DB", "SocialNetwork_final.DB\SocialNetwork_final.DB.csproj", "{4EE2E68E-3711-48B2-B639-CA0DF85BA721}"
EndProject
Project("{FAE04EC0-301F-11D3-BF4B-00C04F79EFBC}") = "SocialNetwork_final.Contract", "SocialNetwork_final.Contract\SocialNetwork_final.Contract.csproj", "{78B40527-9B93-4FC7-BCFF-17F56CB3E10F}"
EndProject
Global
	GlobalSection(SolutionConfigurationPlatforms) = preSolution
		Debug|Any CPU = Debug|Any CPU
		Release|Any CPU = Release|Any CPU
	EndGlobalSection
	GlobalSection(ProjectConfigurationPlatforms) = postSolution
		{AF69EE08-B61E-49AC-8FE1-8854F11F3EBB}.Debug|Any CPU.ActiveCfg = Debug|Any CPU
		{AF69EE08-B61E-49AC-8FE1-8854F11F3EBB}.Debug|Any CPU.Build.0 = Debug|Any CPU
		{AF69EE08-B61E-49AC-8FE1-8854F11F3EBB}.Release|Any CPU.ActiveCfg = Release|Any CPU
		{AF69EE08-B61E-49AC-8FE1-8854F11F3EBB}.Release|Any CPU.Build.0 = Release|Any CPU
		{4EE2E68E-3711-48B2-B639-CA0DF85BA721}.Debug|Any CPU.ActiveCfg = Debug|Any CPU
		{4EE2E68E-3711-48B2-B639-CA0DF85BA721}.Debug|Any CPU.Build.0 = Debug|Any CPU
		{4EE2E68E-3711-48B2-B639-CA0DF85BA721}.Release|Any CPU.ActiveCfg = Release|Any CPU
		{4EE2E68E-3711-48B2-B639-CA0DF85BA721}.Release|Any CPU.Build.0 = Release|Any CPU
		{78B40527-9B93-4FC7-BCFF-17F56CB3E10F}.Debug|Any CPU.ActiveCfg = Debug|Any CPU
		{78B40527-9B93-4FC7-BCFF-17F56CB3E10F}.Debug|Any CPU.Build.0 = Debug|Any CPU
		{78B40527-9B93-4FC7-BCFF-17F56CB3E10F}.Release|Any CPU.ActiveCfg = Release|Any CPU
		{78B40527-9B93-4FC7-BCFF-17F56CB3E10F}.Release|Any CPU.Build.0 = Release|Any CPU
	EndGlobalSection
	GlobalSection(SolutionProperties) = preSolution
		HideSolutionNode = FALSE
	EndGlobalSection
	GlobalSection(ExtensibilityGlobals) = postSolution
		SolutionGuid = {C4D46CE9-1300-49CB-A0F4-8338C70D11FD}
	EndGlobalSection
EndGlobal
